
Microsoft Visual Studio Solution File, Format Version 12.00
# Visual Studio Version 16
VisualStudioVersion = 16.0.29424.173
MinimumVisualStudioVersion = 10.0.40219.1
Project("{9A19103F-16F7-4668-BE54-9A1E7A4F7556}") = "WPF.JoshSmith.Controls.DragCanvas", "WPF.JoshSmith.Controls.DragCanvas\WPF.JoshSmith.Controls.DragCanvas.csproj", "{B902D82E-34FB-4E7A-AB5E-674F7EA97C89}"
EndProject
Project("{9A19103F-16F7-4668-BE54-9A1E7A4F7556}") = "Sample", "Sample\Sample.csproj", "{6B44AE24-F828-4BC2-8696-346DDC7A4681}"
EndProject
Project("{2150E333-8FDC-42A3-9474-1A3956D46DE8}") = "Solution Items", "Solution Items", "{48F4E4E6-44CF-4C71-932E-4D31D708232F}"
	ProjectSection(SolutionItems) = preProject
		.gitignore = .gitignore
		LICENSE.md = LICENSE.md
		README.md = README.md
	EndProjectSection
EndProject
Global
	GlobalSection(SolutionConfigurationPlatforms) = preSolution
		Debug|Any CPU = Debug|Any CPU
		Release|Any CPU = Release|Any CPU
	EndGlobalSection
	GlobalSection(ProjectConfigurationPlatforms) = postSolution
		{B902D82E-34FB-4E7A-AB5E-674F7EA97C89}.Debug|Any CPU.ActiveCfg = Debug|Any CPU
		{B902D82E-34FB-4E7A-AB5E-674F7EA97C89}.Debug|Any CPU.Build.0 = Debug|Any CPU
		{B902D82E-34FB-4E7A-AB5E-674F7EA97C89}.Release|Any CPU.ActiveCfg = Release|Any CPU
		{B902D82E-34FB-4E7A-AB5E-674F7EA97C89}.Release|Any CPU.Build.0 = Release|Any CPU
		{6B44AE24-F828-4BC2-8696-346DDC7A4681}.Debug|Any CPU.ActiveCfg = Debug|Any CPU
		{6B44AE24-F828-4BC2-8696-346DDC7A4681}.Debug|Any CPU.Build.0 = Debug|Any CPU
		{6B44AE24-F828-4BC2-8696-346DDC7A4681}.Release|Any CPU.ActiveCfg = Release|Any CPU
		{6B44AE24-F828-4BC2-8696-346DDC7A4681}.Release|Any CPU.Build.0 = Release|Any CPU
	EndGlobalSection
	GlobalSection(SolutionProperties) = preSolution
		HideSolutionNode = FALSE
	EndGlobalSection
	GlobalSection(ExtensibilityGlobals) = postSolution
		SolutionGuid = {D7B5BEDB-75FD-4ACB-A954-7A2E72495DEB}
	EndGlobalSection
EndGlobal
